{
  "version": 4,
  "terraform_version": "0.12.10",
  "serial": 148,
  "lineage": "d21f362c-8b00-db84-cd85-68e995531655",
  "outputs": {
    "t_ec2_ids": {
      "value": [
        [
          "i-08ca9a2ff1bc8c850"
        ]
      ],
      "type": [
        "tuple",
        [
          [
            "tuple",
            [
              "string"
            ]
          ]
        ]
      ]
    }
  },
  "resources": [
    {
      "module": "module.ec2",
      "mode": "managed",
      "type": "aws_instance",
      "name": "ec2",
      "each": "list",
      "provider": "module.ec2.provider.aws",
      "instances": [
        {
          "index_key": 0,
          "schema_version": 1,
          "attributes": {
            "ami": "ami-0f310fced6141e627",
            "arn": "arn:aws:ec2:ap-northeast-1:946818014434:instance/i-08ca9a2ff1bc8c850",
            "associate_public_ip_address": true,
            "availability_zone": "ap-northeast-1a",
            "cpu_core_count": 1,
            "cpu_threads_per_core": 2,
            "credit_specification": [
              {
                "cpu_credits": "unlimited"
              }
            ],
            "disable_api_termination": false,
            "ebs_block_device": [],
            "ebs_optimized": false,
            "ephemeral_block_device": [],
            "get_password_data": false,
            "hibernation": false,
            "host_id": null,
            "iam_instance_profile": "",
            "id": "i-08ca9a2ff1bc8c850",
            "instance_initiated_shutdown_behavior": null,
            "instance_state": "running",
            "instance_type": "t3.nano",
            "ipv6_address_count": 0,
            "ipv6_addresses": [],
            "key_name": "terratest-my-key-terratest-ec2-0",
            "metadata_options": [
              {
                "http_endpoint": "enabled",
                "http_put_response_hop_limit": 1,
                "http_tokens": "optional"
              }
            ],
            "monitoring": false,
            "network_interface": [],
            "network_interface_id": null,
            "password_data": "",
            "placement_group": "",
            "primary_network_interface_id": "eni-0c0aea5559cb271a4",
            "private_dns": "ip-172-31-33-149.ap-northeast-1.compute.internal",
            "private_ip": "172.31.33.149",
            "public_dns": "ec2-13-114-142-16.ap-northeast-1.compute.amazonaws.com",
            "public_ip": "13.114.142.16",
            "root_block_device": [
              {
                "delete_on_termination": true,
                "device_name": "/dev/xvda",
                "encrypted": false,
                "iops": 100,
                "kms_key_id": "",
                "volume_id": "vol-0eb3ad17b6185d267",
                "volume_size": 8,
                "volume_type": "gp2"
              }
            ],
            "security_groups": [
              "default"
            ],
            "source_dest_check": true,
            "subnet_id": "subnet-949ec8dd",
            "tags": {
              "contact": "jcbagtas",
              "costCenter": "JC",
              "environment": "development",
              "managedBy": "jcbagtas",
              "name": "Terratest-EC2-1",
              "project": "Terratest",
              "temporary": "true",
              "terraform": "true"
            },
            "tenancy": "default",
            "timeouts": null,
            "user_data": "43ef13927482a2ed1bfab18bbb7dd62783b62f3c",
            "user_data_base64": null,
            "volume_tags": {},
            "vpc_security_group_ids": [
              "sg-2764355e"
            ]
          },
          "private": "eyJlMmJmYjczMC1lY2FhLTExZTYtOGY4OC0zNDM2M2JjN2M0YzAiOnsiY3JlYXRlIjo2MDAwMDAwMDAwMDAsImRlbGV0ZSI6MTIwMDAwMDAwMDAwMCwidXBkYXRlIjo2MDAwMDAwMDAwMDB9LCJzY2hlbWFfdmVyc2lvbiI6IjEifQ==",
          "depends_on": [
            "aws_key_pair.default"
          ]
        }
      ]
    },
    {
      "module": "module.ec2",
      "mode": "managed",
      "type": "aws_key_pair",
      "name": "default",
      "each": "list",
      "provider": "module.ec2.provider.aws",
      "instances": [
        {
          "index_key": 0,
          "schema_version": 1,
          "attributes": {
            "fingerprint": "fb:5a:f7:00:c5:6b:be:ba:45:46:67:34:e6:96:ff:ce",
            "id": "terratest-my-key-terratest-ec2-0",
            "key_name": "terratest-my-key-terratest-ec2-0",
            "key_name_prefix": null,
            "key_pair_id": "key-07504bc4959a29285",
            "public_key": "ssh-rsa AAAAB3NzaC1yc2EAAAADAQABAAACAQDUtf/hFl4KPDFJGKhdUlaaGnELCCb5v8iHegJWhogVzzI21XbXiVDC7Dmsx8BocsUztEhG2S6iKnJE7SlBDmlKZ54cH49MQ2rw3Fi+sEcsf+835pR5k5xPzD7Eo3Dzf8+75o/wv8xa1ub472fvDySKM2T5hz44ODyo8RjD7phBTEbpBx3Dl6yFdWneWsVJ3z+tlVvwmU1a+zdMdJEaQ73n0Yad0l75//M3QFJxFHfxKuzpjeqFt7IJkUwwsDTvY8nSuKQnUI2Nzf1c3b7a5+qXAVAB8T/N3v2c7bnxCo+KA0roGygCKfT0QeZLOKZvHnreMnGpCt4Eww4CwJ5HokWejUAcdkOge1zOS7ZlR3xQysdaAIt4jiP+Vj7sliy/0Z9qz6Ks5SUwa0+FBg3zdsIKawu4vBzriX0wOiEmQoq0IBzHymcuAqVv3JtKmqswJDPCRBj8IvMn8rL3DVQt5oh0gFAZDyLopoDOrSoySa4ZtDJLJZPf8ZewrH8imj6xzs+cB6ZA6tyAo6GIeNDI2e3ews3ix0RMz9hJU6dLw5XkTo8GG1PpDuB1W1w1hqmvU9UQ/BB0nIA5FIm2ocebhQe1bxioaNMwzcTrtnmUUgi8Mf3fgSa6KKai5ocmTmkeQiWKAgrCEE0y6ZwoSyBjyeVxB3zI16pfwb5U+Y/6zOoh3w== your_email@example.com",
            "tags": null
          },
          "private": "eyJzY2hlbWFfdmVyc2lvbiI6IjEifQ=="
        }
      ]
    }
  ]
}
